{
  "object": {
    "pins": [
      {
        "package": "BackgroundTask",
        "repositoryURL": "https://github.com/Teongyrdza/BackgroundTask",
        "state": {
          "branch": "main",
          "revision": "f71d08e7485752d089a1cd5c1e88fb473a3b3f23",
          "version": null
        }
      },
      {
        "package": "StarUI",
        "repositoryURL": "https://github.com/Teongyrdza/StarUI.git",
        "state": {
          "branch": "main",
          "revision": "ab9165ea69268d183119c4b808ce087c1c37586c",
          "version": null
        }
      }
    ]
  },
  "version": 1
}
